
Microsoft Visual Studio Solution File, Format Version 12.00
# Visual Studio Version 16
VisualStudioVersion = 16.0.29613.14
MinimumVisualStudioVersion = 10.0.40219.1
Project("{9A19103F-16F7-4668-BE54-9A1E7A4F7556}") = "MyDentalCare.WebAPI", "MyDentalCare.WebAPI\MyDentalCare.WebAPI.csproj", "{96C4206D-B9EC-4213-9526-89A397DDCB26}"
EndProject
Project("{9A19103F-16F7-4668-BE54-9A1E7A4F7556}") = "MyDentalCare.Model", "MyDentalCare.Model\MyDentalCare.Model.csproj", "{C48F0384-E22E-40E9-BDAE-BD1959E1DB87}"
EndProject
Project("{2150E333-8FDC-42A3-9474-1A3956D46DE8}") = "WinUI", "WinUI", "{FFF24619-5D38-411F-803E-D0EFB9208768}"
EndProject
Project("{FAE04EC0-301F-11D3-BF4B-00C04F79EFBC}") = "MyDentalCare.WinUI", "MyDentalCare.WinUI\MyDentalCare.WinUI.csproj", "{DEAC3C2E-2352-4986-A5AE-205EE8402532}"
EndProject
Project("{2150E333-8FDC-42A3-9474-1A3956D46DE8}") = "MyDentalCare.MobileApp", "MyDentalCare.MobileApp", "{78EA9DDE-1C9A-429F-9F31-00BC9FC52982}"
EndProject
Project("{FAE04EC0-301F-11D3-BF4B-00C04F79EFBC}") = "MyDentalCare.Mobile.UWP", "MyDentalCare.Mobile\MyDentalCare.Mobile.UWP\MyDentalCare.Mobile.UWP.csproj", "{06AA67C3-D72E-4B65-8352-6568FB842456}"
EndProject
Project("{FAE04EC0-301F-11D3-BF4B-00C04F79EFBC}") = "MyDentalCare.Mobile.Android", "MyDentalCare.Mobile\MyDentalCare.Mobile.Android\MyDentalCare.Mobile.Android.csproj", "{66263A22-F1F3-4169-AE42-FC807CFFF0D6}"
EndProject
Project("{FAE04EC0-301F-11D3-BF4B-00C04F79EFBC}") = "MyDentalCare.Mobile.iOS", "MyDentalCare.Mobile\MyDentalCare.Mobile.iOS\MyDentalCare.Mobile.iOS.csproj", "{FCBE8B02-F4CB-49C7-8CB7-3563B0C7463E}"
EndProject
Project("{9A19103F-16F7-4668-BE54-9A1E7A4F7556}") = "MyDentalCare.Mobile", "MyDentalCare.Mobile\MyDentalCare.Mobile\MyDentalCare.Mobile.csproj", "{7ED28EE1-4150-4BA9-8CA7-4A99A6EB6FA6}"
EndProject
Global
	GlobalSection(SolutionConfigurationPlatforms) = preSolution
		Debug|Any CPU = Debug|Any CPU
		Debug|ARM = Debug|ARM
		Debug|ARM64 = Debug|ARM64
		Debug|iPhone = Debug|iPhone
		Debug|iPhoneSimulator = Debug|iPhoneSimulator
		Debug|x64 = Debug|x64
		Debug|x86 = Debug|x86
		Release|Any CPU = Release|Any CPU
		Release|ARM = Release|ARM
		Release|ARM64 = Release|ARM64
		Release|iPhone = Release|iPhone
		Release|iPhoneSimulator = Release|iPhoneSimulator
		Release|x64 = Release|x64
		Release|x86 = Release|x86
	EndGlobalSection
	GlobalSection(ProjectConfigurationPlatforms) = postSolution
		{96C4206D-B9EC-4213-9526-89A397DDCB26}.Debug|Any CPU.ActiveCfg = Debug|Any CPU
		{96C4206D-B9EC-4213-9526-89A397DDCB26}.Debug|Any CPU.Build.0 = Debug|Any CPU
		{96C4206D-B9EC-4213-9526-89A397DDCB26}.Debug|ARM.ActiveCfg = Debug|Any CPU
		{96C4206D-B9EC-4213-9526-89A397DDCB26}.Debug|ARM.Build.0 = Debug|Any CPU
		{96C4206D-B9EC-4213-9526-89A397DDCB26}.Debug|ARM64.ActiveCfg = Debug|Any CPU
		{96C4206D-B9EC-4213-9526-89A397DDCB26}.Debug|ARM64.Build.0 = Debug|Any CPU
		{96C4206D-B9EC-4213-9526-89A397DDCB26}.Debug|iPhone.ActiveCfg = Debug|Any CPU
		{96C4206D-B9EC-4213-9526-89A397DDCB26}.Debug|iPhone.Build.0 = Debug|Any CPU
		{96C4206D-B9EC-4213-9526-89A397DDCB26}.Debug|iPhoneSimulator.ActiveCfg = Debug|Any CPU
		{96C4206D-B9EC-4213-9526-89A397DDCB26}.Debug|iPhoneSimulator.Build.0 = Debug|Any CPU
		{96C4206D-B9EC-4213-9526-89A397DDCB26}.Debug|x64.ActiveCfg = Debug|Any CPU
		{96C4206D-B9EC-4213-9526-89A397DDCB26}.Debug|x64.Build.0 = Debug|Any CPU
		{96C4206D-B9EC-4213-9526-89A397DDCB26}.Debug|x86.ActiveCfg = Debug|Any CPU
		{96C4206D-B9EC-4213-9526-89A397DDCB26}.Debug|x86.Build.0 = Debug|Any CPU
		{96C4206D-B9EC-4213-9526-89A397DDCB26}.Release|Any CPU.ActiveCfg = Release|Any CPU
		{96C4206D-B9EC-4213-9526-89A397DDCB26}.Release|Any CPU.Build.0 = Release|Any CPU
		{96C4206D-B9EC-4213-9526-89A397DDCB26}.Release|ARM.ActiveCfg = Release|Any CPU
		{96C4206D-B9EC-4213-9526-89A397DDCB26}.Release|ARM.Build.0 = Release|Any CPU
		{96C4206D-B9EC-4213-9526-89A397DDCB26}.Release|ARM64.ActiveCfg = Release|Any CPU
		{96C4206D-B9EC-4213-9526-89A397DDCB26}.Release|ARM64.Build.0 = Release|Any CPU
		{96C4206D-B9EC-4213-9526-89A397DDCB26}.Release|iPhone.ActiveCfg = Release|Any CPU
		{96C4206D-B9EC-4213-9526-89A397DDCB26}.Release|iPhone.Build.0 = Release|Any CPU
		{96C4206D-B9EC-4213-9526-89A397DDCB26}.Release|iPhoneSimulator.ActiveCfg = Release|Any CPU
		{96C4206D-B9EC-4213-9526-89A397DDCB26}.Release|iPhoneSimulator.Build.0 = Release|Any CPU
		{96C4206D-B9EC-4213-9526-89A397DDCB26}.Release|x64.ActiveCfg = Release|Any CPU
		{96C4206D-B9EC-4213-9526-89A397DDCB26}.Release|x64.Build.0 = Release|Any CPU
		{96C4206D-B9EC-4213-9526-89A397DDCB26}.Release|x86.ActiveCfg = Release|Any CPU
		{96C4206D-B9EC-4213-9526-89A397DDCB26}.Release|x86.Build.0 = Release|Any CPU
		{C48F0384-E22E-40E9-BDAE-BD1959E1DB87}.Debug|Any CPU.ActiveCfg = Debug|Any CPU
		{C48F0384-E22E-40E9-BDAE-BD1959E1DB87}.Debug|Any CPU.Build.0 = Debug|Any CPU
		{C48F0384-E22E-40E9-BDAE-BD1959E1DB87}.Debug|ARM.ActiveCfg = Debug|Any CPU
		{C48F0384-E22E-40E9-BDAE-BD1959E1DB87}.Debug|ARM.Build.0 = Debug|Any CPU
		{C48F0384-E22E-40E9-BDAE-BD1959E1DB87}.Debug|ARM64.ActiveCfg = Debug|Any CPU
		{C48F0384-E22E-40E9-BDAE-BD1959E1DB87}.Debug|ARM64.Build.0 = Debug|Any CPU
		{C48F0384-E22E-40E9-BDAE-BD1959E1DB87}.Debug|iPhone.ActiveCfg = Debug|Any CPU
		{C48F0384-E22E-40E9-BDAE-BD1959E1DB87}.Debug|iPhone.Build.0 = Debug|Any CPU
		{C48F0384-E22E-40E9-BDAE-BD1959E1DB87}.Debug|iPhoneSimulator.ActiveCfg = Debug|Any CPU
		{C48F0384-E22E-40E9-BDAE-BD1959E1DB87}.Debug|iPhoneSimulator.Build.0 = Debug|Any CPU
		{C48F0384-E22E-40E9-BDAE-BD1959E1DB87}.Debug|x64.ActiveCfg = Debug|Any CPU
		{C48F0384-E22E-40E9-BDAE-BD1959E1DB87}.Debug|x64.Build.0 = Debug|Any CPU
		{C48F0384-E22E-40E9-BDAE-BD1959E1DB87}.Debug|x86.ActiveCfg = Debug|Any CPU
		{C48F0384-E22E-40E9-BDAE-BD1959E1DB87}.Debug|x86.Build.0 = Debug|Any CPU
		{C48F0384-E22E-40E9-BDAE-BD1959E1DB87}.Release|Any CPU.ActiveCfg = Release|Any CPU
		{C48F0384-E22E-40E9-BDAE-BD1959E1DB87}.Release|Any CPU.Build.0 = Release|Any CPU
		{C48F0384-E22E-40E9-BDAE-BD1959E1DB87}.Release|ARM.ActiveCfg = Release|Any CPU
		{C48F0384-E22E-40E9-BDAE-BD1959E1DB87}.Release|ARM.Build.0 = Release|Any CPU
		{C48F0384-E22E-40E9-BDAE-BD1959E1DB87}.Release|ARM64.ActiveCfg = Release|Any CPU
		{C48F0384-E22E-40E9-BDAE-BD1959E1DB87}.Release|ARM64.Build.0 = Release|Any CPU
		{C48F0384-E22E-40E9-BDAE-BD1959E1DB87}.Release|iPhone.ActiveCfg = Release|Any CPU
		{C48F0384-E22E-40E9-BDAE-BD1959E1DB87}.Release|iPhone.Build.0 = Release|Any CPU
		{C48F0384-E22E-40E9-BDAE-BD1959E1DB87}.Release|iPhoneSimulator.ActiveCfg = Release|Any CPU
		{C48F0384-E22E-40E9-BDAE-BD1959E1DB87}.Release|iPhoneSimulator.Build.0 = Release|Any CPU
		{C48F0384-E22E-40E9-BDAE-BD1959E1DB87}.Release|x64.ActiveCfg = Release|Any CPU
		{C48F0384-E22E-40E9-BDAE-BD1959E1DB87}.Release|x64.Build.0 = Release|Any CPU
		{C48F0384-E22E-40E9-BDAE-BD1959E1DB87}.Release|x86.ActiveCfg = Release|Any CPU
		{C48F0384-E22E-40E9-BDAE-BD1959E1DB87}.Release|x86.Build.0 = Release|Any CPU
		{DEAC3C2E-2352-4986-A5AE-205EE8402532}.Debug|Any CPU.ActiveCfg = Debug|Any CPU
		{DEAC3C2E-2352-4986-A5AE-205EE8402532}.Debug|Any CPU.Build.0 = Debug|Any CPU
		{DEAC3C2E-2352-4986-A5AE-205EE8402532}.Debug|ARM.ActiveCfg = Debug|Any CPU
		{DEAC3C2E-2352-4986-A5AE-205EE8402532}.Debug|ARM.Build.0 = Debug|Any CPU
		{DEAC3C2E-2352-4986-A5AE-205EE8402532}.Debug|ARM64.ActiveCfg = Debug|Any CPU
		{DEAC3C2E-2352-4986-A5AE-205EE8402532}.Debug|ARM64.Build.0 = Debug|Any CPU
		{DEAC3C2E-2352-4986-A5AE-205EE8402532}.Debug|iPhone.ActiveCfg = Debug|Any CPU
		{DEAC3C2E-2352-4986-A5AE-205EE8402532}.Debug|iPhone.Build.0 = Debug|Any CPU
		{DEAC3C2E-2352-4986-A5AE-205EE8402532}.Debug|iPhoneSimulator.ActiveCfg = Debug|Any CPU
		{DEAC3C2E-2352-4986-A5AE-205EE8402532}.Debug|iPhoneSimulator.Build.0 = Debug|Any CPU
		{DEAC3C2E-2352-4986-A5AE-205EE8402532}.Debug|x64.ActiveCfg = Debug|Any CPU
		{DEAC3C2E-2352-4986-A5AE-205EE8402532}.Debug|x64.Build.0 = Debug|Any CPU
		{DEAC3C2E-2352-4986-A5AE-205EE8402532}.Debug|x86.ActiveCfg = Debug|Any CPU
		{DEAC3C2E-2352-4986-A5AE-205EE8402532}.Debug|x86.Build.0 = Debug|Any CPU
		{DEAC3C2E-2352-4986-A5AE-205EE8402532}.Release|Any CPU.ActiveCfg = Release|Any CPU
		{DEAC3C2E-2352-4986-A5AE-205EE8402532}.Release|Any CPU.Build.0 = Release|Any CPU
		{DEAC3C2E-2352-4986-A5AE-205EE8402532}.Release|ARM.ActiveCfg = Release|Any CPU
		{DEAC3C2E-2352-4986-A5AE-205EE8402532}.Release|ARM.Build.0 = Release|Any CPU
		{DEAC3C2E-2352-4986-A5AE-205EE8402532}.Release|ARM64.ActiveCfg = Release|Any CPU
		{DEAC3C2E-2352-4986-A5AE-205EE8402532}.Release|ARM64.Build.0 = Release|Any CPU
		{DEAC3C2E-2352-4986-A5AE-205EE8402532}.Release|iPhone.ActiveCfg = Release|Any CPU
		{DEAC3C2E-2352-4986-A5AE-205EE8402532}.Release|iPhone.Build.0 = Release|Any CPU
		{DEAC3C2E-2352-4986-A5AE-205EE8402532}.Release|iPhoneSimulator.ActiveCfg = Release|Any CPU
		{DEAC3C2E-2352-4986-A5AE-205EE8402532}.Release|iPhoneSimulator.Build.0 = Release|Any CPU
		{DEAC3C2E-2352-4986-A5AE-205EE8402532}.Release|x64.ActiveCfg = Release|Any CPU
		{DEAC3C2E-2352-4986-A5AE-205EE8402532}.Release|x64.Build.0 = Release|Any CPU
		{DEAC3C2E-2352-4986-A5AE-205EE8402532}.Release|x86.ActiveCfg = Release|Any CPU
		{DEAC3C2E-2352-4986-A5AE-205EE8402532}.Release|x86.Build.0 = Release|Any CPU
		{06AA67C3-D72E-4B65-8352-6568FB842456}.Debug|Any CPU.ActiveCfg = Debug|x86
		{06AA67C3-D72E-4B65-8352-6568FB842456}.Debug|ARM.ActiveCfg = Debug|ARM
		{06AA67C3-D72E-4B65-8352-6568FB842456}.Debug|ARM.Build.0 = Debug|ARM
		{06AA67C3-D72E-4B65-8352-6568FB842456}.Debug|ARM.Deploy.0 = Debug|ARM
		{06AA67C3-D72E-4B65-8352-6568FB842456}.Debug|ARM64.ActiveCfg = Debug|x86
		{06AA67C3-D72E-4B65-8352-6568FB842456}.Debug|iPhone.ActiveCfg = Debug|x86
		{06AA67C3-D72E-4B65-8352-6568FB842456}.Debug|iPhoneSimulator.ActiveCfg = Debug|x86
		{06AA67C3-D72E-4B65-8352-6568FB842456}.Debug|x64.ActiveCfg = Debug|x64
		{06AA67C3-D72E-4B65-8352-6568FB842456}.Debug|x64.Build.0 = Debug|x64
		{06AA67C3-D72E-4B65-8352-6568FB842456}.Debug|x64.Deploy.0 = Debug|x64
		{06AA67C3-D72E-4B65-8352-6568FB842456}.Debug|x86.ActiveCfg = Debug|x86
		{06AA67C3-D72E-4B65-8352-6568FB842456}.Debug|x86.Build.0 = Debug|x86
		{06AA67C3-D72E-4B65-8352-6568FB842456}.Debug|x86.Deploy.0 = Debug|x86
		{06AA67C3-D72E-4B65-8352-6568FB842456}.Release|Any CPU.ActiveCfg = Release|x86
		{06AA67C3-D72E-4B65-8352-6568FB842456}.Release|ARM.ActiveCfg = Release|ARM
		{06AA67C3-D72E-4B65-8352-6568FB842456}.Release|ARM.Build.0 = Release|ARM
		{06AA67C3-D72E-4B65-8352-6568FB842456}.Release|ARM.Deploy.0 = Release|ARM
		{06AA67C3-D72E-4B65-8352-6568FB842456}.Release|ARM64.ActiveCfg = Release|x86
		{06AA67C3-D72E-4B65-8352-6568FB842456}.Release|iPhone.ActiveCfg = Release|x86
		{06AA67C3-D72E-4B65-8352-6568FB842456}.Release|iPhoneSimulator.ActiveCfg = Release|x86
		{06AA67C3-D72E-4B65-8352-6568FB842456}.Release|x64.ActiveCfg = Release|x64
		{06AA67C3-D72E-4B65-8352-6568FB842456}.Release|x64.Build.0 = Release|x64
		{06AA67C3-D72E-4B65-8352-6568FB842456}.Release|x64.Deploy.0 = Release|x64
		{06AA67C3-D72E-4B65-8352-6568FB842456}.Release|x86.ActiveCfg = Release|x86
		{06AA67C3-D72E-4B65-8352-6568FB842456}.Release|x86.Build.0 = Release|x86
		{06AA67C3-D72E-4B65-8352-6568FB842456}.Release|x86.Deploy.0 = Release|x86
		{66263A22-F1F3-4169-AE42-FC807CFFF0D6}.Debug|Any CPU.ActiveCfg = Debug|Any CPU
		{66263A22-F1F3-4169-AE42-FC807CFFF0D6}.Debug|Any CPU.Build.0 = Debug|Any CPU
		{66263A22-F1F3-4169-AE42-FC807CFFF0D6}.Debug|Any CPU.Deploy.0 = Debug|Any CPU
		{66263A22-F1F3-4169-AE42-FC807CFFF0D6}.Debug|ARM.ActiveCfg = Debug|Any CPU
		{66263A22-F1F3-4169-AE42-FC807CFFF0D6}.Debug|ARM.Build.0 = Debug|Any CPU
		{66263A22-F1F3-4169-AE42-FC807CFFF0D6}.Debug|ARM.Deploy.0 = Debug|Any CPU
		{66263A22-F1F3-4169-AE42-FC807CFFF0D6}.Debug|ARM64.ActiveCfg = Debug|Any CPU
		{66263A22-F1F3-4169-AE42-FC807CFFF0D6}.Debug|ARM64.Build.0 = Debug|Any CPU
		{66263A22-F1F3-4169-AE42-FC807CFFF0D6}.Debug|ARM64.Deploy.0 = Debug|Any CPU
		{66263A22-F1F3-4169-AE42-FC807CFFF0D6}.Debug|iPhone.ActiveCfg = Debug|Any CPU
		{66263A22-F1F3-4169-AE42-FC807CFFF0D6}.Debug|iPhone.Build.0 = Debug|Any CPU
		{66263A22-F1F3-4169-AE42-FC807CFFF0D6}.Debug|iPhone.Deploy.0 = Debug|Any CPU
		{66263A22-F1F3-4169-AE42-FC807CFFF0D6}.Debug|iPhoneSimulator.ActiveCfg = Debug|Any CPU
		{66263A22-F1F3-4169-AE42-FC807CFFF0D6}.Debug|iPhoneSimulator.Build.0 = Debug|Any CPU
		{66263A22-F1F3-4169-AE42-FC807CFFF0D6}.Debug|iPhoneSimulator.Deploy.0 = Debug|Any CPU
		{66263A22-F1F3-4169-AE42-FC807CFFF0D6}.Debug|x64.ActiveCfg = Debug|Any CPU
		{66263A22-F1F3-4169-AE42-FC807CFFF0D6}.Debug|x64.Build.0 = Debug|Any CPU
		{66263A22-F1F3-4169-AE42-FC807CFFF0D6}.Debug|x64.Deploy.0 = Debug|Any CPU
		{66263A22-F1F3-4169-AE42-FC807CFFF0D6}.Debug|x86.ActiveCfg = Debug|Any CPU
		{66263A22-F1F3-4169-AE42-FC807CFFF0D6}.Debug|x86.Build.0 = Debug|Any CPU
		{66263A22-F1F3-4169-AE42-FC807CFFF0D6}.Debug|x86.Deploy.0 = Debug|Any CPU
		{66263A22-F1F3-4169-AE42-FC807CFFF0D6}.Release|Any CPU.ActiveCfg = Release|Any CPU
		{66263A22-F1F3-4169-AE42-FC807CFFF0D6}.Release|Any CPU.Build.0 = Release|Any CPU
		{66263A22-F1F3-4169-AE42-FC807CFFF0D6}.Release|Any CPU.Deploy.0 = Release|Any CPU
		{66263A22-F1F3-4169-AE42-FC807CFFF0D6}.Release|ARM.ActiveCfg = Release|Any CPU
		{66263A22-F1F3-4169-AE42-FC807CFFF0D6}.Release|ARM.Build.0 = Release|Any CPU
		{66263A22-F1F3-4169-AE42-FC807CFFF0D6}.Release|ARM.Deploy.0 = Release|Any CPU
		{66263A22-F1F3-4169-AE42-FC807CFFF0D6}.Release|ARM64.ActiveCfg = Release|Any CPU
		{66263A22-F1F3-4169-AE42-FC807CFFF0D6}.Release|ARM64.Build.0 = Release|Any CPU
		{66263A22-F1F3-4169-AE42-FC807CFFF0D6}.Release|ARM64.Deploy.0 = Release|Any CPU
		{66263A22-F1F3-4169-AE42-FC807CFFF0D6}.Release|iPhone.ActiveCfg = Release|Any CPU
		{66263A22-F1F3-4169-AE42-FC807CFFF0D6}.Release|iPhone.Build.0 = Release|Any CPU
		{66263A22-F1F3-4169-AE42-FC807CFFF0D6}.Release|iPhone.Deploy.0 = Release|Any CPU
		{66263A22-F1F3-4169-AE42-FC807CFFF0D6}.Release|iPhoneSimulator.ActiveCfg = Release|Any CPU
		{66263A22-F1F3-4169-AE42-FC807CFFF0D6}.Release|iPhoneSimulator.Build.0 = Release|Any CPU
		{66263A22-F1F3-4169-AE42-FC807CFFF0D6}.Release|iPhoneSimulator.Deploy.0 = Release|Any CPU
		{66263A22-F1F3-4169-AE42-FC807CFFF0D6}.Release|x64.ActiveCfg = Release|Any CPU
		{66263A22-F1F3-4169-AE42-FC807CFFF0D6}.Release|x64.Build.0 = Release|Any CPU
		{66263A22-F1F3-4169-AE42-FC807CFFF0D6}.Release|x64.Deploy.0 = Release|Any CPU
		{66263A22-F1F3-4169-AE42-FC807CFFF0D6}.Release|x86.ActiveCfg = Release|Any CPU
		{66263A22-F1F3-4169-AE42-FC807CFFF0D6}.Release|x86.Build.0 = Release|Any CPU
		{66263A22-F1F3-4169-AE42-FC807CFFF0D6}.Release|x86.Deploy.0 = Release|Any CPU
		{FCBE8B02-F4CB-49C7-8CB7-3563B0C7463E}.Debug|Any CPU.ActiveCfg = Debug|iPhone
		{FCBE8B02-F4CB-49C7-8CB7-3563B0C7463E}.Debug|ARM.ActiveCfg = Debug|iPhone
		{FCBE8B02-F4CB-49C7-8CB7-3563B0C7463E}.Debug|ARM64.ActiveCfg = Debug|iPhone
		{FCBE8B02-F4CB-49C7-8CB7-3563B0C7463E}.Debug|iPhone.ActiveCfg = Debug|iPhone
		{FCBE8B02-F4CB-49C7-8CB7-3563B0C7463E}.Debug|iPhone.Build.0 = Debug|iPhone
		{FCBE8B02-F4CB-49C7-8CB7-3563B0C7463E}.Debug|iPhoneSimulator.ActiveCfg = Debug|iPhoneSimulator
		{FCBE8B02-F4CB-49C7-8CB7-3563B0C7463E}.Debug|iPhoneSimulator.Build.0 = Debug|iPhoneSimulator
		{FCBE8B02-F4CB-49C7-8CB7-3563B0C7463E}.Debug|x64.ActiveCfg = Debug|iPhone
		{FCBE8B02-F4CB-49C7-8CB7-3563B0C7463E}.Debug|x86.ActiveCfg = Debug|iPhone
		{FCBE8B02-F4CB-49C7-8CB7-3563B0C7463E}.Release|Any CPU.ActiveCfg = Release|iPhone
		{FCBE8B02-F4CB-49C7-8CB7-3563B0C7463E}.Release|ARM.ActiveCfg = Release|iPhone
		{FCBE8B02-F4CB-49C7-8CB7-3563B0C7463E}.Release|ARM64.ActiveCfg = Release|iPhone
		{FCBE8B02-F4CB-49C7-8CB7-3563B0C7463E}.Release|iPhone.ActiveCfg = Release|iPhone
		{FCBE8B02-F4CB-49C7-8CB7-3563B0C7463E}.Release|iPhone.Build.0 = Release|iPhone
		{FCBE8B02-F4CB-49C7-8CB7-3563B0C7463E}.Release|iPhoneSimulator.ActiveCfg = Release|iPhoneSimulator
		{FCBE8B02-F4CB-49C7-8CB7-3563B0C7463E}.Release|iPhoneSimulator.Build.0 = Release|iPhoneSimulator
		{FCBE8B02-F4CB-49C7-8CB7-3563B0C7463E}.Release|x64.ActiveCfg = Release|iPhone
		{FCBE8B02-F4CB-49C7-8CB7-3563B0C7463E}.Release|x86.ActiveCfg = Release|iPhone
		{7ED28EE1-4150-4BA9-8CA7-4A99A6EB6FA6}.Debug|Any CPU.ActiveCfg = Debug|Any CPU
		{7ED28EE1-4150-4BA9-8CA7-4A99A6EB6FA6}.Debug|Any CPU.Build.0 = Debug|Any CPU
		{7ED28EE1-4150-4BA9-8CA7-4A99A6EB6FA6}.Debug|ARM.ActiveCfg = Debug|Any CPU
		{7ED28EE1-4150-4BA9-8CA7-4A99A6EB6FA6}.Debug|ARM.Build.0 = Debug|Any CPU
		{7ED28EE1-4150-4BA9-8CA7-4A99A6EB6FA6}.Debug|ARM64.ActiveCfg = Debug|Any CPU
		{7ED28EE1-4150-4BA9-8CA7-4A99A6EB6FA6}.Debug|ARM64.Build.0 = Debug|Any CPU
		{7ED28EE1-4150-4BA9-8CA7-4A99A6EB6FA6}.Debug|iPhone.ActiveCfg = Debug|Any CPU
		{7ED28EE1-4150-4BA9-8CA7-4A99A6EB6FA6}.Debug|iPhone.Build.0 = Debug|Any CPU
		{7ED28EE1-4150-4BA9-8CA7-4A99A6EB6FA6}.Debug|iPhoneSimulator.ActiveCfg = Debug|Any CPU
		{7ED28EE1-4150-4BA9-8CA7-4A99A6EB6FA6}.Debug|iPhoneSimulator.Build.0 = Debug|Any CPU
		{7ED28EE1-4150-4BA9-8CA7-4A99A6EB6FA6}.Debug|x64.ActiveCfg = Debug|Any CPU
		{7ED28EE1-4150-4BA9-8CA7-4A99A6EB6FA6}.Debug|x64.Build.0 = Debug|Any CPU
		{7ED28EE1-4150-4BA9-8CA7-4A99A6EB6FA6}.Debug|x86.ActiveCfg = Debug|Any CPU
		{7ED28EE1-4150-4BA9-8CA7-4A99A6EB6FA6}.Debug|x86.Build.0 = Debug|Any CPU
		{7ED28EE1-4150-4BA9-8CA7-4A99A6EB6FA6}.Release|Any CPU.ActiveCfg = Release|Any CPU
		{7ED28EE1-4150-4BA9-8CA7-4A99A6EB6FA6}.Release|Any CPU.Build.0 = Release|Any CPU
		{7ED28EE1-4150-4BA9-8CA7-4A99A6EB6FA6}.Release|ARM.ActiveCfg = Release|Any CPU
		{7ED28EE1-4150-4BA9-8CA7-4A99A6EB6FA6}.Release|ARM.Build.0 = Release|Any CPU
		{7ED28EE1-4150-4BA9-8CA7-4A99A6EB6FA6}.Release|ARM64.ActiveCfg = Release|Any CPU
		{7ED28EE1-4150-4BA9-8CA7-4A99A6EB6FA6}.Release|ARM64.Build.0 = Release|Any CPU
		{7ED28EE1-4150-4BA9-8CA7-4A99A6EB6FA6}.Release|iPhone.ActiveCfg = Release|Any CPU
		{7ED28EE1-4150-4BA9-8CA7-4A99A6EB6FA6}.Release|iPhone.Build.0 = Release|Any CPU
		{7ED28EE1-4150-4BA9-8CA7-4A99A6EB6FA6}.Release|iPhoneSimulator.ActiveCfg = Release|Any CPU
		{7ED28EE1-4150-4BA9-8CA7-4A99A6EB6FA6}.Release|iPhoneSimulator.Build.0 = Release|Any CPU
		{7ED28EE1-4150-4BA9-8CA7-4A99A6EB6FA6}.Release|x64.ActiveCfg = Release|Any CPU
		{7ED28EE1-4150-4BA9-8CA7-4A99A6EB6FA6}.Release|x64.Build.0 = Release|Any CPU
		{7ED28EE1-4150-4BA9-8CA7-4A99A6EB6FA6}.Release|x86.ActiveCfg = Release|Any CPU
		{7ED28EE1-4150-4BA9-8CA7-4A99A6EB6FA6}.Release|x86.Build.0 = Release|Any CPU
	EndGlobalSection
	GlobalSection(SolutionProperties) = preSolution
		HideSolutionNode = FALSE
	EndGlobalSection
	GlobalSection(NestedProjects) = preSolution
		{DEAC3C2E-2352-4986-A5AE-205EE8402532} = {FFF24619-5D38-411F-803E-D0EFB9208768}
		{06AA67C3-D72E-4B65-8352-6568FB842456} = {78EA9DDE-1C9A-429F-9F31-00BC9FC52982}
		{66263A22-F1F3-4169-AE42-FC807CFFF0D6} = {78EA9DDE-1C9A-429F-9F31-00BC9FC52982}
		{FCBE8B02-F4CB-49C7-8CB7-3563B0C7463E} = {78EA9DDE-1C9A-429F-9F31-00BC9FC52982}
		{7ED28EE1-4150-4BA9-8CA7-4A99A6EB6FA6} = {78EA9DDE-1C9A-429F-9F31-00BC9FC52982}
	EndGlobalSection
	GlobalSection(ExtensibilityGlobals) = postSolution
		SolutionGuid = {6BE8B786-C8A3-485B-AF32-0534AEAB3013}
	EndGlobalSection
EndGlobal
